// !$*UTF8*$!
{
	archiveVersion = 1;
	classes = {
	};
	objectVersion = 50;
	objects = {

/* Begin PBXBuildFile section */
		5705940221D2D31500F4F5CB /* AppDelegate.swift in Sources */ = {isa = PBXBuildFile; fileRef = 570593F721D2D31300F4F5CB /* AppDelegate.swift */; };
		5705940421D2D31500F4F5CB /* Assets.xcassets in Resources */ = {isa = PBXBuildFile; fileRef = 570593F921D2D31300F4F5CB /* Assets.xcassets */; };
		5705940521D2D31500F4F5CB /* LoginController.swift in Sources */ = {isa = PBXBuildFile; fileRef = 570593FA21D2D31300F4F5CB /* LoginController.swift */; };
		5705940621D2D31500F4F5CB /* WelcomeController.swift in Sources */ = {isa = PBXBuildFile; fileRef = 570593FB21D2D31400F4F5CB /* WelcomeController.swift */; };
		5705940821D2D31500F4F5CB /* Login_Extension.swift in Sources */ = {isa = PBXBuildFile; fileRef = 570593FD21D2D31400F4F5CB /* Login_Extension.swift */; };
		5705940921D2D31500F4F5CB /* ForgotPassword.swift in Sources */ = {isa = PBXBuildFile; fileRef = 570593FE21D2D31400F4F5CB /* ForgotPassword.swift */; };
		5705940A21D2D31500F4F5CB /* loginButton.swift in Sources */ = {isa = PBXBuildFile; fileRef = 570593FF21D2D31400F4F5CB /* loginButton.swift */; };
		5705940C21D2D31500F4F5CB /* SignUpController.swift in Sources */ = {isa = PBXBuildFile; fileRef = 5705940121D2D31400F4F5CB /* SignUpController.swift */; };
		5705940E21D2D3D300F4F5CB /* Base.lproj in Resources */ = {isa = PBXBuildFile; fileRef = 5705940D21D2D3D300F4F5CB /* Base.lproj */; };
		5705942321D319E300F4F5CB /* GoogleService-Info.plist in Resources */ = {isa = PBXBuildFile; fileRef = 5705942221D319E300F4F5CB /* GoogleService-Info.plist */; };
		5705942521D4631000F4F5CB /* User.swift in Sources */ = {isa = PBXBuildFile; fileRef = 5705942421D4631000F4F5CB /* User.swift */; };
		5705942721D53DE000F4F5CB /* FbLoginHandler.swift in Sources */ = {isa = PBXBuildFile; fileRef = 5705942621D53DE000F4F5CB /* FbLoginHandler.swift */; };
		5705942C21D5416A00F4F5CB /* Main.storyboard in Resources */ = {isa = PBXBuildFile; fileRef = 5705942B21D5416A00F4F5CB /* Main.storyboard */; };
		5705942F21D571A500F4F5CB /* ConfirmController.swift in Sources */ = {isa = PBXBuildFile; fileRef = 5705942E21D571A500F4F5CB /* ConfirmController.swift */; };
		5705943121D5B2CA00F4F5CB /* profileImage.swift in Sources */ = {isa = PBXBuildFile; fileRef = 5705943021D5B2CA00F4F5CB /* profileImage.swift */; };
		57061FFA21E3CEC8009869BE /* SpotifyiOS.framework in Frameworks */ = {isa = PBXBuildFile; fileRef = 57061FF921E3CEC8009869BE /* SpotifyiOS.framework */; };
		5706200421E4107D009869BE /* ConnectButton.swift in Sources */ = {isa = PBXBuildFile; fileRef = 5706200321E4107D009869BE /* ConnectButton.swift */; };
		5706200821E66D23009869BE /* MusicPlayingController.swift in Sources */ = {isa = PBXBuildFile; fileRef = 5706200721E66D23009869BE /* MusicPlayingController.swift */; };
		5706201721E7B76D009869BE /* MusicBar.swift in Sources */ = {isa = PBXBuildFile; fileRef = 5706201621E7B76D009869BE /* MusicBar.swift */; };
		5706201921E7BA8F009869BE /* MusicBar.xib in Resources */ = {isa = PBXBuildFile; fileRef = 5706201821E7BA8F009869BE /* MusicBar.xib */; };
		570CB7D821E7DD55009DCA6D /* HomeController.swift in Sources */ = {isa = PBXBuildFile; fileRef = 570CB7D721E7DD55009DCA6D /* HomeController.swift */; };
		570CB7DA21E91A41009DCA6D /* SpotifyTester.swift in Sources */ = {isa = PBXBuildFile; fileRef = 570CB7D921E91A41009DCA6D /* SpotifyTester.swift */; };
		570CB7E121E94A24009DCA6D /* ConnectionStatusIndicatorView.swift in Sources */ = {isa = PBXBuildFile; fileRef = 570CB7DB21E94A21009DCA6D /* ConnectionStatusIndicatorView.swift */; };
		570CB7E221E94A24009DCA6D /* PlaybackButtonGraphics.swift in Sources */ = {isa = PBXBuildFile; fileRef = 570CB7DC21E94A21009DCA6D /* PlaybackButtonGraphics.swift */; };
		570CB7E321E94A24009DCA6D /* SpeedPickerViewController.swift in Sources */ = {isa = PBXBuildFile; fileRef = 570CB7DD21E94A22009DCA6D /* SpeedPickerViewController.swift */; };
		570CB7E421E94A24009DCA6D /* ContentItemCell.swift in Sources */ = {isa = PBXBuildFile; fileRef = 570CB7DE21E94A22009DCA6D /* ContentItemCell.swift */; };
		570CB7E521E94A24009DCA6D /* My-Extensions.swift in Sources */ = {isa = PBXBuildFile; fileRef = 570CB7DF21E94A23009DCA6D /* My-Extensions.swift */; };
		570CB7E621E94A24009DCA6D /* ContentCollectionViewController.swift in Sources */ = {isa = PBXBuildFile; fileRef = 570CB7E021E94A23009DCA6D /* ContentCollectionViewController.swift */; };
		570CB7E821E953B7009DCA6D /* SongController.swift in Sources */ = {isa = PBXBuildFile; fileRef = 570CB7E721E953B7009DCA6D /* SongController.swift */; };
		572BA0C521D2CF06008B9611 /* JukeJamTests.swift in Sources */ = {isa = PBXBuildFile; fileRef = 572BA0C421D2CF06008B9611 /* JukeJamTests.swift */; };
		572BA0D021D2CF06008B9611 /* JukeJamUITests.swift in Sources */ = {isa = PBXBuildFile; fileRef = 572BA0CF21D2CF06008B9611 /* JukeJamUITests.swift */; };
		576410F721DE644C0009525B /* SeeMoreController.swift in Sources */ = {isa = PBXBuildFile; fileRef = 576410F621DE644C0009525B /* SeeMoreController.swift */; };
		576410FB21E2A47F0009525B /* FocalButton.swift in Sources */ = {isa = PBXBuildFile; fileRef = 576410FA21E2A47F0009525B /* FocalButton.swift */; };
		5764110321E2DF4C0009525B /* MyMusicController.swift in Sources */ = {isa = PBXBuildFile; fileRef = 5764110221E2DF4C0009525B /* MyMusicController.swift */; };
		5764110521E3C5450009525B /* SpotifyHandler.swift in Sources */ = {isa = PBXBuildFile; fileRef = 5764110421E3C5450009525B /* SpotifyHandler.swift */; };
		57A71B7B21D823DE0004FEDA /* AppleHandler.swift in Sources */ = {isa = PBXBuildFile; fileRef = 57A71B7A21D823DE0004FEDA /* AppleHandler.swift */; };
		57A71B7D21D96A680004FEDA /* ScreenController.swift in Sources */ = {isa = PBXBuildFile; fileRef = 57A71B7C21D96A680004FEDA /* ScreenController.swift */; };
		57A71B8321DAC35E0004FEDA /* Home_Extensions.swift in Sources */ = {isa = PBXBuildFile; fileRef = 57A71B8221DAC35E0004FEDA /* Home_Extensions.swift */; };
		57A71B8521DAE7C20004FEDA /* FocalDiv.swift in Sources */ = {isa = PBXBuildFile; fileRef = 57A71B8421DAE7C20004FEDA /* FocalDiv.swift */; };
		57A71BCC21DD79A10004FEDA /* FocalCell.swift in Sources */ = {isa = PBXBuildFile; fileRef = 57A71BCB21DD79A10004FEDA /* FocalCell.swift */; };
		EB1DAF9AAEF38DC69A6D207D /* Pods_JukeJamTests.framework in Frameworks */ = {isa = PBXBuildFile; fileRef = 244A833E7CD0A64619D5F04D /* Pods_JukeJamTests.framework */; };
		F7B0BBAC294ECBB93D3B7F45 /* Pods_JukeJam.framework in Frameworks */ = {isa = PBXBuildFile; fileRef = B060749A428D9D055ADB77FD /* Pods_JukeJam.framework */; };
		FCB61413BDA9BBF81F656222 /* Pods_JukeJamUITests.framework in Frameworks */ = {isa = PBXBuildFile; fileRef = 757E9B89D6716F9F7506BF87 /* Pods_JukeJamUITests.framework */; };
/* End PBXBuildFile section */

/* Begin PBXContainerItemProxy section */
		572BA0C121D2CF06008B9611 /* PBXContainerItemProxy */ = {
			isa = PBXContainerItemProxy;
			containerPortal = 572BA0A421D2CF05008B9611 /* Project object */;
			proxyType = 1;
			remoteGlobalIDString = 572BA0AB21D2CF05008B9611;
			remoteInfo = JukeJam;
		};
		572BA0CC21D2CF06008B9611 /* PBXContainerItemProxy */ = {
			isa = PBXContainerItemProxy;
			containerPortal = 572BA0A421D2CF05008B9611 /* Project object */;
			proxyType = 1;
			remoteGlobalIDString = 572BA0AB21D2CF05008B9611;
			remoteInfo = JukeJam;
		};
/* End PBXContainerItemProxy section */

/* Begin PBXFileReference section */
		1F89F9376A6EB4645C9BEA2A /* Pods-JukeJam.release.xcconfig */ = {isa = PBXFileReference; includeInIndex = 1; lastKnownFileType = text.xcconfig; name = "Pods-JukeJam.release.xcconfig"; path = "Pods/Target Support Files/Pods-JukeJam/Pods-JukeJam.release.xcconfig"; sourceTree = "<group>"; };
		244A833E7CD0A64619D5F04D /* Pods_JukeJamTests.framework */ = {isa = PBXFileReference; explicitFileType = wrapper.framework; includeInIndex = 0; path = Pods_JukeJamTests.framework; sourceTree = BUILT_PRODUCTS_DIR; };
		570593F721D2D31300F4F5CB /* AppDelegate.swift */ = {isa = PBXFileReference; fileEncoding = 4; lastKnownFileType = sourcecode.swift; path = AppDelegate.swift; sourceTree = "<group>"; };
		570593F921D2D31300F4F5CB /* Assets.xcassets */ = {isa = PBXFileReference; lastKnownFileType = folder.assetcatalog; path = Assets.xcassets; sourceTree = "<group>"; };
		570593FA21D2D31300F4F5CB /* LoginController.swift */ = {isa = PBXFileReference; fileEncoding = 4; lastKnownFileType = sourcecode.swift; path = LoginController.swift; sourceTree = "<group>"; };
		570593FB21D2D31400F4F5CB /* WelcomeController.swift */ = {isa = PBXFileReference; fileEncoding = 4; lastKnownFileType = sourcecode.swift; path = WelcomeController.swift; sourceTree = "<group>"; };
		570593FD21D2D31400F4F5CB /* Login_Extension.swift */ = {isa = PBXFileReference; fileEncoding = 4; lastKnownFileType = sourcecode.swift; path = Login_Extension.swift; sourceTree = "<group>"; };
		570593FE21D2D31400F4F5CB /* ForgotPassword.swift */ = {isa = PBXFileReference; fileEncoding = 4; lastKnownFileType = sourcecode.swift; path = ForgotPassword.swift; sourceTree = "<group>"; };
		570593FF21D2D31400F4F5CB /* loginButton.swift */ = {isa = PBXFileReference; fileEncoding = 4; lastKnownFileType = sourcecode.swift; path = loginButton.swift; sourceTree = "<group>"; };
		5705940121D2D31400F4F5CB /* SignUpController.swift */ = {isa = PBXFileReference; fileEncoding = 4; lastKnownFileType = sourcecode.swift; path = SignUpController.swift; sourceTree = "<group>"; };
		5705940D21D2D3D300F4F5CB /* Base.lproj */ = {isa = PBXFileReference; lastKnownFileType = folder; name = Base.lproj; path = ../../iVote/iVote/iVote/Base.lproj; sourceTree = "<group>"; };
		5705942221D319E300F4F5CB /* GoogleService-Info.plist */ = {isa = PBXFileReference; fileEncoding = 4; lastKnownFileType = text.plist.xml; path = "GoogleService-Info.plist"; sourceTree = "<group>"; };
		5705942421D4631000F4F5CB /* User.swift */ = {isa = PBXFileReference; lastKnownFileType = sourcecode.swift; path = User.swift; sourceTree = "<group>"; };
		5705942621D53DE000F4F5CB /* FbLoginHandler.swift */ = {isa = PBXFileReference; lastKnownFileType = sourcecode.swift; path = FbLoginHandler.swift; sourceTree = "<group>"; };
		5705942B21D5416A00F4F5CB /* Main.storyboard */ = {isa = PBXFileReference; fileEncoding = 4; lastKnownFileType = file.storyboard; path = Main.storyboard; sourceTree = "<group>"; };
		5705942E21D571A500F4F5CB /* ConfirmController.swift */ = {isa = PBXFileReference; lastKnownFileType = sourcecode.swift; path = ConfirmController.swift; sourceTree = "<group>"; };
		5705943021D5B2CA00F4F5CB /* profileImage.swift */ = {isa = PBXFileReference; lastKnownFileType = sourcecode.swift; path = profileImage.swift; sourceTree = "<group>"; };
		57061FF921E3CEC8009869BE /* SpotifyiOS.framework */ = {isa = PBXFileReference; lastKnownFileType = wrapper.framework; path = SpotifyiOS.framework; sourceTree = "<group>"; };
		5706200221E3DC9C009869BE /* JukeJam-Bridging-Header.h */ = {isa = PBXFileReference; lastKnownFileType = sourcecode.c.h; path = "JukeJam-Bridging-Header.h"; sourceTree = "<group>"; };
		5706200321E4107D009869BE /* ConnectButton.swift */ = {isa = PBXFileReference; fileEncoding = 4; lastKnownFileType = sourcecode.swift; path = ConnectButton.swift; sourceTree = "<group>"; };
		5706200721E66D23009869BE /* MusicPlayingController.swift */ = {isa = PBXFileReference; lastKnownFileType = sourcecode.swift; path = MusicPlayingController.swift; sourceTree = "<group>"; };
		5706201621E7B76D009869BE /* MusicBar.swift */ = {isa = PBXFileReference; lastKnownFileType = sourcecode.swift; path = MusicBar.swift; sourceTree = "<group>"; };
		5706201821E7BA8F009869BE /* MusicBar.xib */ = {isa = PBXFileReference; lastKnownFileType = file.xib; path = MusicBar.xib; sourceTree = "<group>"; };
		570CB7D721E7DD55009DCA6D /* HomeController.swift */ = {isa = PBXFileReference; fileEncoding = 4; lastKnownFileType = sourcecode.swift; path = HomeController.swift; sourceTree = "<group>"; };
		570CB7D921E91A41009DCA6D /* SpotifyTester.swift */ = {isa = PBXFileReference; lastKnownFileType = sourcecode.swift; path = SpotifyTester.swift; sourceTree = "<group>"; };
		570CB7DB21E94A21009DCA6D /* ConnectionStatusIndicatorView.swift */ = {isa = PBXFileReference; fileEncoding = 4; lastKnownFileType = sourcecode.swift; path = ConnectionStatusIndicatorView.swift; sourceTree = "<group>"; };
		570CB7DC21E94A21009DCA6D /* PlaybackButtonGraphics.swift */ = {isa = PBXFileReference; fileEncoding = 4; lastKnownFileType = sourcecode.swift; path = PlaybackButtonGraphics.swift; sourceTree = "<group>"; };
		570CB7DD21E94A22009DCA6D /* SpeedPickerViewController.swift */ = {isa = PBXFileReference; fileEncoding = 4; lastKnownFileType = sourcecode.swift; path = SpeedPickerViewController.swift; sourceTree = "<group>"; };
		570CB7DE21E94A22009DCA6D /* ContentItemCell.swift */ = {isa = PBXFileReference; fileEncoding = 4; lastKnownFileType = sourcecode.swift; path = ContentItemCell.swift; sourceTree = "<group>"; };
		570CB7DF21E94A23009DCA6D /* My-Extensions.swift */ = {isa = PBXFileReference; fileEncoding = 4; lastKnownFileType = sourcecode.swift; path = "My-Extensions.swift"; sourceTree = "<group>"; };
		570CB7E021E94A23009DCA6D /* ContentCollectionViewController.swift */ = {isa = PBXFileReference; fileEncoding = 4; lastKnownFileType = sourcecode.swift; path = ContentCollectionViewController.swift; sourceTree = "<group>"; };
		570CB7E721E953B7009DCA6D /* SongController.swift */ = {isa = PBXFileReference; lastKnownFileType = sourcecode.swift; path = SongController.swift; sourceTree = "<group>"; };
		572BA0AC21D2CF05008B9611 /* JukeJam.app */ = {isa = PBXFileReference; explicitFileType = wrapper.application; includeInIndex = 0; path = JukeJam.app; sourceTree = BUILT_PRODUCTS_DIR; };
		572BA0C021D2CF06008B9611 /* JukeJamTests.xctest */ = {isa = PBXFileReference; explicitFileType = wrapper.cfbundle; includeInIndex = 0; path = JukeJamTests.xctest; sourceTree = BUILT_PRODUCTS_DIR; };
		572BA0C421D2CF06008B9611 /* JukeJamTests.swift */ = {isa = PBXFileReference; lastKnownFileType = sourcecode.swift; path = JukeJamTests.swift; sourceTree = "<group>"; };
		572BA0C621D2CF06008B9611 /* Info.plist */ = {isa = PBXFileReference; lastKnownFileType = text.plist.xml; path = Info.plist; sourceTree = "<group>"; };
		572BA0CB21D2CF06008B9611 /* JukeJamUITests.xctest */ = {isa = PBXFileReference; explicitFileType = wrapper.cfbundle; includeInIndex = 0; path = JukeJamUITests.xctest; sourceTree = BUILT_PRODUCTS_DIR; };
		572BA0CF21D2CF06008B9611 /* JukeJamUITests.swift */ = {isa = PBXFileReference; lastKnownFileType = sourcecode.swift; path = JukeJamUITests.swift; sourceTree = "<group>"; };
		572BA0D121D2CF06008B9611 /* Info.plist */ = {isa = PBXFileReference; lastKnownFileType = text.plist.xml; path = Info.plist; sourceTree = "<group>"; };
		576410F621DE644C0009525B /* SeeMoreController.swift */ = {isa = PBXFileReference; lastKnownFileType = sourcecode.swift; path = SeeMoreController.swift; sourceTree = "<group>"; };
		576410FA21E2A47F0009525B /* FocalButton.swift */ = {isa = PBXFileReference; lastKnownFileType = sourcecode.swift; path = FocalButton.swift; sourceTree = "<group>"; };
		576410FF21E2A7E30009525B /* Info.plist */ = {isa = PBXFileReference; fileEncoding = 4; lastKnownFileType = text.plist.xml; path = Info.plist; sourceTree = "<group>"; };
		5764110221E2DF4C0009525B /* MyMusicController.swift */ = {isa = PBXFileReference; lastKnownFileType = sourcecode.swift; path = MyMusicController.swift; sourceTree = "<group>"; };
		5764110421E3C5450009525B /* SpotifyHandler.swift */ = {isa = PBXFileReference; lastKnownFileType = sourcecode.swift; path = SpotifyHandler.swift; sourceTree = "<group>"; };
		57A71B7A21D823DE0004FEDA /* AppleHandler.swift */ = {isa = PBXFileReference; lastKnownFileType = sourcecode.swift; path = AppleHandler.swift; sourceTree = "<group>"; };
		57A71B7C21D96A680004FEDA /* ScreenController.swift */ = {isa = PBXFileReference; lastKnownFileType = sourcecode.swift; path = ScreenController.swift; sourceTree = "<group>"; };
		57A71B8221DAC35E0004FEDA /* Home_Extensions.swift */ = {isa = PBXFileReference; lastKnownFileType = sourcecode.swift; path = Home_Extensions.swift; sourceTree = "<group>"; };
		57A71B8421DAE7C20004FEDA /* FocalDiv.swift */ = {isa = PBXFileReference; lastKnownFileType = sourcecode.swift; path = FocalDiv.swift; sourceTree = "<group>"; };
		57A71BCB21DD79A10004FEDA /* FocalCell.swift */ = {isa = PBXFileReference; lastKnownFileType = sourcecode.swift; path = FocalCell.swift; sourceTree = "<group>"; };
		6AA4891781EEC7A5ABCDACAE /* Pods-JukeJam.debug.xcconfig */ = {isa = PBXFileReference; includeInIndex = 1; lastKnownFileType = text.xcconfig; name = "Pods-JukeJam.debug.xcconfig"; path = "Pods/Target Support Files/Pods-JukeJam/Pods-JukeJam.debug.xcconfig"; sourceTree = "<group>"; };
		720E288E7C916F27E8411B60 /* Pods-JukeJamUITests.release.xcconfig */ = {isa = PBXFileReference; includeInIndex = 1; lastKnownFileType = text.xcconfig; name = "Pods-JukeJamUITests.release.xcconfig"; path = "Pods/Target Support Files/Pods-JukeJamUITests/Pods-JukeJamUITests.release.xcconfig"; sourceTree = "<group>"; };
		757E9B89D6716F9F7506BF87 /* Pods_JukeJamUITests.framework */ = {isa = PBXFileReference; explicitFileType = wrapper.framework; includeInIndex = 0; path = Pods_JukeJamUITests.framework; sourceTree = BUILT_PRODUCTS_DIR; };
		7990CA6EE099295B82C918CD /* Pods-JukeJamTests.debug.xcconfig */ = {isa = PBXFileReference; includeInIndex = 1; lastKnownFileType = text.xcconfig; name = "Pods-JukeJamTests.debug.xcconfig"; path = "Pods/Target Support Files/Pods-JukeJamTests/Pods-JukeJamTests.debug.xcconfig"; sourceTree = "<group>"; };
		A8E9BE7F3137EB7E617FAC5C /* Pods-JukeJamUITests.debug.xcconfig */ = {isa = PBXFileReference; includeInIndex = 1; lastKnownFileType = text.xcconfig; name = "Pods-JukeJamUITests.debug.xcconfig"; path = "Pods/Target Support Files/Pods-JukeJamUITests/Pods-JukeJamUITests.debug.xcconfig"; sourceTree = "<group>"; };
		B060749A428D9D055ADB77FD /* Pods_JukeJam.framework */ = {isa = PBXFileReference; explicitFileType = wrapper.framework; includeInIndex = 0; path = Pods_JukeJam.framework; sourceTree = BUILT_PRODUCTS_DIR; };
		C5EABF6042FC9CC6A7C21E0A /* Pods-JukeJamTests.release.xcconfig */ = {isa = PBXFileReference; includeInIndex = 1; lastKnownFileType = text.xcconfig; name = "Pods-JukeJamTests.release.xcconfig"; path = "Pods/Target Support Files/Pods-JukeJamTests/Pods-JukeJamTests.release.xcconfig"; sourceTree = "<group>"; };
/* End PBXFileReference section */

/* Begin PBXFrameworksBuildPhase section */
		572BA0A921D2CF05008B9611 /* Frameworks */ = {
			isa = PBXFrameworksBuildPhase;
			buildActionMask = 2147483647;
			files = (
				F7B0BBAC294ECBB93D3B7F45 /* Pods_JukeJam.framework in Frameworks */,
				57061FFA21E3CEC8009869BE /* SpotifyiOS.framework in Frameworks */,
			);
			runOnlyForDeploymentPostprocessing = 0;
		};
		572BA0BD21D2CF06008B9611 /* Frameworks */ = {
			isa = PBXFrameworksBuildPhase;
			buildActionMask = 2147483647;
			files = (
				EB1DAF9AAEF38DC69A6D207D /* Pods_JukeJamTests.framework in Frameworks */,
			);
			runOnlyForDeploymentPostprocessing = 0;
		};
		572BA0C821D2CF06008B9611 /* Frameworks */ = {
			isa = PBXFrameworksBuildPhase;
			buildActionMask = 2147483647;
			files = (
				FCB61413BDA9BBF81F656222 /* Pods_JukeJamUITests.framework in Frameworks */,
			);
			runOnlyForDeploymentPostprocessing = 0;
		};
/* End PBXFrameworksBuildPhase section */

/* Begin PBXGroup section */
		391923A0A0D275EB89DCC072 /* Pods */ = {
			isa = PBXGroup;
			children = (
				6AA4891781EEC7A5ABCDACAE /* Pods-JukeJam.debug.xcconfig */,
				1F89F9376A6EB4645C9BEA2A /* Pods-JukeJam.release.xcconfig */,
				7990CA6EE099295B82C918CD /* Pods-JukeJamTests.debug.xcconfig */,
				C5EABF6042FC9CC6A7C21E0A /* Pods-JukeJamTests.release.xcconfig */,
				A8E9BE7F3137EB7E617FAC5C /* Pods-JukeJamUITests.debug.xcconfig */,
				720E288E7C916F27E8411B60 /* Pods-JukeJamUITests.release.xcconfig */,
			);
			name = Pods;
			sourceTree = "<group>";
		};
		5705942D21D541D100F4F5CB /* Login */ = {
			isa = PBXGroup;
			children = (
				570593FA21D2D31300F4F5CB /* LoginController.swift */,
				5705940121D2D31400F4F5CB /* SignUpController.swift */,
				570593FE21D2D31400F4F5CB /* ForgotPassword.swift */,
				570593FB21D2D31400F4F5CB /* WelcomeController.swift */,
				570593FD21D2D31400F4F5CB /* Login_Extension.swift */,
				570593FF21D2D31400F4F5CB /* loginButton.swift */,
				5705942621D53DE000F4F5CB /* FbLoginHandler.swift */,
				5705942E21D571A500F4F5CB /* ConfirmController.swift */,
			);
			path = Login;
			sourceTree = "<group>";
		};
		5706200B21E68444009869BE /* OverArching */ = {
			isa = PBXGroup;
			children = (
				5706200721E66D23009869BE /* MusicPlayingController.swift */,
				57A71B7C21D96A680004FEDA /* ScreenController.swift */,
				5706201621E7B76D009869BE /* MusicBar.swift */,
				5706201821E7BA8F009869BE /* MusicBar.xib */,
			);
			path = OverArching;
			sourceTree = "<group>";
		};
		570CB7E921E95BCE009DCA6D /* Spotify */ = {
			isa = PBXGroup;
			children = (
				570CB7DC21E94A21009DCA6D /* PlaybackButtonGraphics.swift */,
				570CB7DD21E94A22009DCA6D /* SpeedPickerViewController.swift */,
				5764110421E3C5450009525B /* SpotifyHandler.swift */,
				570CB7DB21E94A21009DCA6D /* ConnectionStatusIndicatorView.swift */,
				570CB7E021E94A23009DCA6D /* ContentCollectionViewController.swift */,
				570CB7DE21E94A22009DCA6D /* ContentItemCell.swift */,
				570CB7DF21E94A23009DCA6D /* My-Extensions.swift */,
			);
			path = Spotify;
			sourceTree = "<group>";
		};
		572BA0A321D2CF05008B9611 = {
			isa = PBXGroup;
			children = (
				572BA0AE21D2CF05008B9611 /* JukeJam */,
				572BA0C321D2CF06008B9611 /* JukeJamTests */,
				572BA0CE21D2CF06008B9611 /* JukeJamUITests */,
				572BA0AD21D2CF05008B9611 /* Products */,
				B99786CC9E10750F94305A57 /* Frameworks */,
				391923A0A0D275EB89DCC072 /* Pods */,
			);
			sourceTree = "<group>";
		};
		572BA0AD21D2CF05008B9611 /* Products */ = {
			isa = PBXGroup;
			children = (
				572BA0AC21D2CF05008B9611 /* JukeJam.app */,
				572BA0C021D2CF06008B9611 /* JukeJamTests.xctest */,
				572BA0CB21D2CF06008B9611 /* JukeJamUITests.xctest */,
			);
			name = Products;
			sourceTree = "<group>";
		};
		572BA0AE21D2CF05008B9611 /* JukeJam */ = {
			isa = PBXGroup;
			children = (
				570593F921D2D31300F4F5CB /* Assets.xcassets */,
				5705940D21D2D3D300F4F5CB /* Base.lproj */,
				5705942B21D5416A00F4F5CB /* Main.storyboard */,
				570593F721D2D31300F4F5CB /* AppDelegate.swift */,
				5705942421D4631000F4F5CB /* User.swift */,
				576410FF21E2A7E30009525B /* Info.plist */,
				5705942221D319E300F4F5CB /* GoogleService-Info.plist */,
				5705942D21D541D100F4F5CB /* Login */,
				5706200B21E68444009869BE /* OverArching */,
				576410F521DE63B70009525B /* Home */,
				5764110121E2A8360009525B /* FocalUI */,
				570CB7E921E95BCE009DCA6D /* Spotify */,
				57A71B7A21D823DE0004FEDA /* AppleHandler.swift */,
				5706200221E3DC9C009869BE /* JukeJam-Bridging-Header.h */,
				5705943021D5B2CA00F4F5CB /* profileImage.swift */,
				570CB7D921E91A41009DCA6D /* SpotifyTester.swift */,
				570CB7E721E953B7009DCA6D /* SongController.swift */,
			);
			path = JukeJam;
			sourceTree = "<group>";
		};
		572BA0C321D2CF06008B9611 /* JukeJamTests */ = {
			isa = PBXGroup;
			children = (
				572BA0C421D2CF06008B9611 /* JukeJamTests.swift */,
				572BA0C621D2CF06008B9611 /* Info.plist */,
			);
			path = JukeJamTests;
			sourceTree = "<group>";
		};
		572BA0CE21D2CF06008B9611 /* JukeJamUITests */ = {
			isa = PBXGroup;
			children = (
				572BA0CF21D2CF06008B9611 /* JukeJamUITests.swift */,
				572BA0D121D2CF06008B9611 /* Info.plist */,
			);
			path = JukeJamUITests;
			sourceTree = "<group>";
		};
		576410F521DE63B70009525B /* Home */ = {
			isa = PBXGroup;
			children = (
				57A71B8221DAC35E0004FEDA /* Home_Extensions.swift */,
				570CB7D721E7DD55009DCA6D /* HomeController.swift */,
				576410F621DE644C0009525B /* SeeMoreController.swift */,
				5764110221E2DF4C0009525B /* MyMusicController.swift */,
			);
			path = Home;
			sourceTree = "<group>";
		};
		5764110121E2A8360009525B /* FocalUI */ = {
			isa = PBXGroup;
			children = (
				5706200321E4107D009869BE /* ConnectButton.swift */,
				57A71B8421DAE7C20004FEDA /* FocalDiv.swift */,
				57A71BCB21DD79A10004FEDA /* FocalCell.swift */,
				576410FA21E2A47F0009525B /* FocalButton.swift */,
			);
			path = FocalUI;
			sourceTree = "<group>";
		};
		B99786CC9E10750F94305A57 /* Frameworks */ = {
			isa = PBXGroup;
			children = (
				B060749A428D9D055ADB77FD /* Pods_JukeJam.framework */,
				57061FF921E3CEC8009869BE /* SpotifyiOS.framework */,
				244A833E7CD0A64619D5F04D /* Pods_JukeJamTests.framework */,
				757E9B89D6716F9F7506BF87 /* Pods_JukeJamUITests.framework */,
			);
			name = Frameworks;
			sourceTree = "<group>";
		};
/* End PBXGroup section */

/* Begin PBXNativeTarget section */
		572BA0AB21D2CF05008B9611 /* JukeJam */ = {
			isa = PBXNativeTarget;
			buildConfigurationList = 572BA0D421D2CF06008B9611 /* Build configuration list for PBXNativeTarget "JukeJam" */;
			buildPhases = (
				9292FC036572650466765762 /* [CP] Check Pods Manifest.lock */,
				572BA0A821D2CF05008B9611 /* Sources */,
				572BA0A921D2CF05008B9611 /* Frameworks */,
				572BA0AA21D2CF05008B9611 /* Resources */,
				760063206658C8FD4ECAAE54 /* [CP] Embed Pods Frameworks */,
				3DBEA8594DD937EE2AB7009A /* [CP] Copy Pods Resources */,
			);
			buildRules = (
			);
			dependencies = (
			);
			name = JukeJam;
			productName = JukeJam;
			productReference = 572BA0AC21D2CF05008B9611 /* JukeJam.app */;
			productType = "com.apple.product-type.application";
		};
		572BA0BF21D2CF06008B9611 /* JukeJamTests */ = {
			isa = PBXNativeTarget;
			buildConfigurationList = 572BA0D721D2CF06008B9611 /* Build configuration list for PBXNativeTarget "JukeJamTests" */;
			buildPhases = (
				555441B540E048C943691979 /* [CP] Check Pods Manifest.lock */,
				572BA0BC21D2CF06008B9611 /* Sources */,
				572BA0BD21D2CF06008B9611 /* Frameworks */,
				572BA0BE21D2CF06008B9611 /* Resources */,
			);
			buildRules = (
			);
			dependencies = (
				572BA0C221D2CF06008B9611 /* PBXTargetDependency */,
			);
			name = JukeJamTests;
			productName = JukeJamTests;
			productReference = 572BA0C021D2CF06008B9611 /* JukeJamTests.xctest */;
			productType = "com.apple.product-type.bundle.unit-test";
		};
		572BA0CA21D2CF06008B9611 /* JukeJamUITests */ = {
			isa = PBXNativeTarget;
			buildConfigurationList = 572BA0DA21D2CF06008B9611 /* Build configuration list for PBXNativeTarget "JukeJamUITests" */;
			buildPhases = (
				3BE728D381C4C94B3F04E7F1 /* [CP] Check Pods Manifest.lock */,
				572BA0C721D2CF06008B9611 /* Sources */,
				572BA0C821D2CF06008B9611 /* Frameworks */,
				572BA0C921D2CF06008B9611 /* Resources */,
			);
			buildRules = (
			);
			dependencies = (
				572BA0CD21D2CF06008B9611 /* PBXTargetDependency */,
			);
			name = JukeJamUITests;
			productName = JukeJamUITests;
			productReference = 572BA0CB21D2CF06008B9611 /* JukeJamUITests.xctest */;
			productType = "com.apple.product-type.bundle.ui-testing";
		};
/* End PBXNativeTarget section */

/* Begin PBXProject section */
		572BA0A421D2CF05008B9611 /* Project object */ = {
			isa = PBXProject;
			attributes = {
				LastSwiftUpdateCheck = 0940;
				LastUpgradeCheck = 0940;
				ORGANIZATIONNAME = "Ben Fortier";
				TargetAttributes = {
					572BA0AB21D2CF05008B9611 = {
						CreatedOnToolsVersion = 9.4;
						LastSwiftMigration = 1010;
						SystemCapabilities = {
							com.apple.BackgroundModes = {
								enabled = 1;
							};
						};
					};
					572BA0BF21D2CF06008B9611 = {
						CreatedOnToolsVersion = 9.4;
						LastSwiftMigration = 1010;
						TestTargetID = 572BA0AB21D2CF05008B9611;
					};
					572BA0CA21D2CF06008B9611 = {
						CreatedOnToolsVersion = 9.4;
						LastSwiftMigration = 1010;
						TestTargetID = 572BA0AB21D2CF05008B9611;
					};
				};
			};
			buildConfigurationList = 572BA0A721D2CF05008B9611 /* Build configuration list for PBXProject "JukeJam" */;
			compatibilityVersion = "Xcode 9.3";
			developmentRegion = en;
			hasScannedForEncodings = 0;
			knownRegions = (
				en,
				Base,
			);
			mainGroup = 572BA0A321D2CF05008B9611;
			productRefGroup = 572BA0AD21D2CF05008B9611 /* Products */;
			projectDirPath = "";
			projectRoot = "";
			targets = (
				572BA0AB21D2CF05008B9611 /* JukeJam */,
				572BA0BF21D2CF06008B9611 /* JukeJamTests */,
				572BA0CA21D2CF06008B9611 /* JukeJamUITests */,
			);
		};
/* End PBXProject section */

/* Begin PBXResourcesBuildPhase section */
		572BA0AA21D2CF05008B9611 /* Resources */ = {
			isa = PBXResourcesBuildPhase;
			buildActionMask = 2147483647;
			files = (
				5705940E21D2D3D300F4F5CB /* Base.lproj in Resources */,
				5705942C21D5416A00F4F5CB /* Main.storyboard in Resources */,
				5706201921E7BA8F009869BE /* MusicBar.xib in Resources */,
				5705942321D319E300F4F5CB /* GoogleService-Info.plist in Resources */,
				5705940421D2D31500F4F5CB /* Assets.xcassets in Resources */,
			);
			runOnlyForDeploymentPostprocessing = 0;
		};
		572BA0BE21D2CF06008B9611 /* Resources */ = {
			isa = PBXResourcesBuildPhase;
			buildActionMask = 2147483647;
			files = (
			);
			runOnlyForDeploymentPostprocessing = 0;
		};
		572BA0C921D2CF06008B9611 /* Resources */ = {
			isa = PBXResourcesBuildPhase;
			buildActionMask = 2147483647;
			files = (
			);
			runOnlyForDeploymentPostprocessing = 0;
		};
/* End PBXResourcesBuildPhase section */

/* Begin PBXShellScriptBuildPhase section */
		3BE728D381C4C94B3F04E7F1 /* [CP] Check Pods Manifest.lock */ = {
			isa = PBXShellScriptBuildPhase;
			buildActionMask = 2147483647;
			files = (
			);
			inputFileListPaths = (
			);
			inputPaths = (
				"${PODS_PODFILE_DIR_PATH}/Podfile.lock",
				"${PODS_ROOT}/Manifest.lock",
			);
			name = "[CP] Check Pods Manifest.lock";
			outputFileListPaths = (
			);
			outputPaths = (
				"$(DERIVED_FILE_DIR)/Pods-JukeJamUITests-checkManifestLockResult.txt",
			);
			runOnlyForDeploymentPostprocessing = 0;
			shellPath = /bin/sh;
			shellScript = "diff \"${PODS_PODFILE_DIR_PATH}/Podfile.lock\" \"${PODS_ROOT}/Manifest.lock\" > /dev/null\nif [ $? != 0 ] ; then\n    # print error to STDERR\n    echo \"error: The sandbox is not in sync with the Podfile.lock. Run 'pod install' or update your CocoaPods installation.\" >&2\n    exit 1\nfi\n# This output is used by Xcode 'outputs' to avoid re-running this script phase.\necho \"SUCCESS\" > \"${SCRIPT_OUTPUT_FILE_0}\"\n";
			showEnvVarsInLog = 0;
		};
		3DBEA8594DD937EE2AB7009A /* [CP] Copy Pods Resources */ = {
			isa = PBXShellScriptBuildPhase;
			buildActionMask = 2147483647;
			files = (
			);
			inputFileListPaths = (
			);
			inputPaths = (
				"${SRCROOT}/Pods/Target Support Files/Pods-JukeJam/Pods-JukeJam-resources.sh",
				"${PODS_ROOT}/GoogleSignIn/Resources/GoogleSignIn.bundle",
			);
			name = "[CP] Copy Pods Resources";
			outputFileListPaths = (
			);
			outputPaths = (
				"${TARGET_BUILD_DIR}/${UNLOCALIZED_RESOURCES_FOLDER_PATH}/GoogleSignIn.bundle",
			);
			runOnlyForDeploymentPostprocessing = 0;
			shellPath = /bin/sh;
			shellScript = "\"${SRCROOT}/Pods/Target Support Files/Pods-JukeJam/Pods-JukeJam-resources.sh\"\n";
			showEnvVarsInLog = 0;
		};
		555441B540E048C943691979 /* [CP] Check Pods Manifest.lock */ = {
			isa = PBXShellScriptBuildPhase;
			buildActionMask = 2147483647;
			files = (
			);
			inputFileListPaths = (
			);
			inputPaths = (
				"${PODS_PODFILE_DIR_PATH}/Podfile.lock",
				"${PODS_ROOT}/Manifest.lock",
			);
			name = "[CP] Check Pods Manifest.lock";
			outputFileListPaths = (
			);
			outputPaths = (
				"$(DERIVED_FILE_DIR)/Pods-JukeJamTests-checkManifestLockResult.txt",
			);
			runOnlyForDeploymentPostprocessing = 0;
			shellPath = /bin/sh;
			shellScript = "diff \"${PODS_PODFILE_DIR_PATH}/Podfile.lock\" \"${PODS_ROOT}/Manifest.lock\" > /dev/null\nif [ $? != 0 ] ; then\n    # print error to STDERR\n    echo \"error: The sandbox is not in sync with the Podfile.lock. Run 'pod install' or update your CocoaPods installation.\" >&2\n    exit 1\nfi\n# This output is used by Xcode 'outputs' to avoid re-running this script phase.\necho \"SUCCESS\" > \"${SCRIPT_OUTPUT_FILE_0}\"\n";
			showEnvVarsInLog = 0;
		};
		760063206658C8FD4ECAAE54 /* [CP] Embed Pods Frameworks */ = {
			isa = PBXShellScriptBuildPhase;
			buildActionMask = 2147483647;
			files = (
			);
			inputFileListPaths = (
			);
			inputPaths = (
				"${SRCROOT}/Pods/Target Support Files/Pods-JukeJam/Pods-JukeJam-frameworks.sh",
				"${BUILT_PRODUCTS_DIR}/Bolts/Bolts.framework",
				"${BUILT_PRODUCTS_DIR}/DeckTransition/DeckTransition.framework",
				"${BUILT_PRODUCTS_DIR}/FBSDKCoreKit/FBSDKCoreKit.framework",
				"${BUILT_PRODUCTS_DIR}/FBSDKLoginKit/FBSDKLoginKit.framework",
				"${BUILT_PRODUCTS_DIR}/FacebookCore/FacebookCore.framework",
				"${BUILT_PRODUCTS_DIR}/FacebookLogin/FacebookLogin.framework",
				"${BUILT_PRODUCTS_DIR}/FontAwesome.swift/FontAwesome_swift.framework",
				"${BUILT_PRODUCTS_DIR}/GSMessages/GSMessages.framework",
				"${BUILT_PRODUCTS_DIR}/GTMSessionFetcher/GTMSessionFetcher.framework",
				"${BUILT_PRODUCTS_DIR}/GoogleToolboxForMac/GoogleToolboxForMac.framework",
				"${BUILT_PRODUCTS_DIR}/GoogleUtilities/GoogleUtilities.framework",
				"${BUILT_PRODUCTS_DIR}/NVActivityIndicatorView/NVActivityIndicatorView.framework",
				"${BUILT_PRODUCTS_DIR}/SCLAlertView/SCLAlertView.framework",
				"${BUILT_PRODUCTS_DIR}/SPStorkController/SPStorkController.framework",
				"${BUILT_PRODUCTS_DIR}/ShadowView/ShadowView.framework",
				"${BUILT_PRODUCTS_DIR}/SkyFloatingLabelTextField/SkyFloatingLabelTextField.framework",
				"${BUILT_PRODUCTS_DIR}/SwiftIconFont/SwiftIconFont.framework",
				"${BUILT_PRODUCTS_DIR}/SwiftyOnboard/SwiftyOnboard.framework",
				"${BUILT_PRODUCTS_DIR}/leveldb-library/leveldb.framework",
				"${BUILT_PRODUCTS_DIR}/nanopb/nanopb.framework",
			);
			name = "[CP] Embed Pods Frameworks";
			outputFileListPaths = (
			);
			outputPaths = (
				"${TARGET_BUILD_DIR}/${FRAMEWORKS_FOLDER_PATH}/Bolts.framework",
				"${TARGET_BUILD_DIR}/${FRAMEWORKS_FOLDER_PATH}/DeckTransition.framework",
				"${TARGET_BUILD_DIR}/${FRAMEWORKS_FOLDER_PATH}/FBSDKCoreKit.framework",
				"${TARGET_BUILD_DIR}/${FRAMEWORKS_FOLDER_PATH}/FBSDKLoginKit.framework",
				"${TARGET_BUILD_DIR}/${FRAMEWORKS_FOLDER_PATH}/FacebookCore.framework",
				"${TARGET_BUILD_DIR}/${FRAMEWORKS_FOLDER_PATH}/FacebookLogin.framework",
				"${TARGET_BUILD_DIR}/${FRAMEWORKS_FOLDER_PATH}/FontAwesome_swift.framework",
				"${TARGET_BUILD_DIR}/${FRAMEWORKS_FOLDER_PATH}/GSMessages.framework",
				"${TARGET_BUILD_DIR}/${FRAMEWORKS_FOLDER_PATH}/GTMSessionFetcher.framework",
				"${TARGET_BUILD_DIR}/${FRAMEWORKS_FOLDER_PATH}/GoogleToolboxForMac.framework",
				"${TARGET_BUILD_DIR}/${FRAMEWORKS_FOLDER_PATH}/GoogleUtilities.framework",
				"${TARGET_BUILD_DIR}/${FRAMEWORKS_FOLDER_PATH}/NVActivityIndicatorView.framework",
				"${TARGET_BUILD_DIR}/${FRAMEWORKS_FOLDER_PATH}/SCLAlertView.framework",
				"${TARGET_BUILD_DIR}/${FRAMEWORKS_FOLDER_PATH}/SPStorkController.framework",
				"${TARGET_BUILD_DIR}/${FRAMEWORKS_FOLDER_PATH}/ShadowView.framework",
				"${TARGET_BUILD_DIR}/${FRAMEWORKS_FOLDER_PATH}/SkyFloatingLabelTextField.framework",
				"${TARGET_BUILD_DIR}/${FRAMEWORKS_FOLDER_PATH}/SwiftIconFont.framework",
				"${TARGET_BUILD_DIR}/${FRAMEWORKS_FOLDER_PATH}/SwiftyOnboard.framework",
				"${TARGET_BUILD_DIR}/${FRAMEWORKS_FOLDER_PATH}/leveldb.framework",
				"${TARGET_BUILD_DIR}/${FRAMEWORKS_FOLDER_PATH}/nanopb.framework",
			);
			runOnlyForDeploymentPostprocessing = 0;
			shellPath = /bin/sh;
			shellScript = "\"${SRCROOT}/Pods/Target Support Files/Pods-JukeJam/Pods-JukeJam-frameworks.sh\"\n";
			showEnvVarsInLog = 0;
		};
		9292FC036572650466765762 /* [CP] Check Pods Manifest.lock */ = {
			isa = PBXShellScriptBuildPhase;
			buildActionMask = 2147483647;
			files = (
			);
			inputFileListPaths = (
			);
			inputPaths = (
				"${PODS_PODFILE_DIR_PATH}/Podfile.lock",
				"${PODS_ROOT}/Manifest.lock",
			);
			name = "[CP] Check Pods Manifest.lock";
			outputFileListPaths = (
			);
			outputPaths = (
				"$(DERIVED_FILE_DIR)/Pods-JukeJam-checkManifestLockResult.txt",
			);
			runOnlyForDeploymentPostprocessing = 0;
			shellPath = /bin/sh;
			shellScript = "diff \"${PODS_PODFILE_DIR_PATH}/Podfile.lock\" \"${PODS_ROOT}/Manifest.lock\" > /dev/null\nif [ $? != 0 ] ; then\n    # print error to STDERR\n    echo \"error: The sandbox is not in sync with the Podfile.lock. Run 'pod install' or update your CocoaPods installation.\" >&2\n    exit 1\nfi\n# This output is used by Xcode 'outputs' to avoid re-running this script phase.\necho \"SUCCESS\" > \"${SCRIPT_OUTPUT_FILE_0}\"\n";
			showEnvVarsInLog = 0;
		};
/* End PBXShellScriptBuildPhase section */

/* Begin PBXSourcesBuildPhase section */
		572BA0A821D2CF05008B9611 /* Sources */ = {
			isa = PBXSourcesBuildPhase;
			buildActionMask = 2147483647;
			files = (
				570CB7E221E94A24009DCA6D /* PlaybackButtonGraphics.swift in Sources */,
				57A71B8521DAE7C20004FEDA /* FocalDiv.swift in Sources */,
				5706201721E7B76D009869BE /* MusicBar.swift in Sources */,
				576410F721DE644C0009525B /* SeeMoreController.swift in Sources */,
				570CB7E321E94A24009DCA6D /* SpeedPickerViewController.swift in Sources */,
				5705943121D5B2CA00F4F5CB /* profileImage.swift in Sources */,
				570CB7E121E94A24009DCA6D /* ConnectionStatusIndicatorView.swift in Sources */,
				5705940821D2D31500F4F5CB /* Login_Extension.swift in Sources */,
				5705940C21D2D31500F4F5CB /* SignUpController.swift in Sources */,
				570CB7D821E7DD55009DCA6D /* HomeController.swift in Sources */,
				570CB7E821E953B7009DCA6D /* SongController.swift in Sources */,
				5705940521D2D31500F4F5CB /* LoginController.swift in Sources */,
				57A71B8321DAC35E0004FEDA /* Home_Extensions.swift in Sources */,
				5705940621D2D31500F4F5CB /* WelcomeController.swift in Sources */,
				5706200821E66D23009869BE /* MusicPlayingController.swift in Sources */,
				5705942521D4631000F4F5CB /* User.swift in Sources */,
				5705940A21D2D31500F4F5CB /* loginButton.swift in Sources */,
				570CB7E621E94A24009DCA6D /* ContentCollectionViewController.swift in Sources */,
				57A71B7B21D823DE0004FEDA /* AppleHandler.swift in Sources */,
				570CB7DA21E91A41009DCA6D /* SpotifyTester.swift in Sources */,
				5705940221D2D31500F4F5CB /* AppDelegate.swift in Sources */,
				57A71B7D21D96A680004FEDA /* ScreenController.swift in Sources */,
				570CB7E421E94A24009DCA6D /* ContentItemCell.swift in Sources */,
				5764110321E2DF4C0009525B /* MyMusicController.swift in Sources */,
				5706200421E4107D009869BE /* ConnectButton.swift in Sources */,
				5764110521E3C5450009525B /* SpotifyHandler.swift in Sources */,
				5705942721D53DE000F4F5CB /* FbLoginHandler.swift in Sources */,
				570CB7E521E94A24009DCA6D /* My-Extensions.swift in Sources */,
				5705940921D2D31500F4F5CB /* ForgotPassword.swift in Sources */,
				5705942F21D571A500F4F5CB /* ConfirmController.swift in Sources */,
				576410FB21E2A47F0009525B /* FocalButton.swift in Sources */,
				57A71BCC21DD79A10004FEDA /* FocalCell.swift in Sources */,
			);
			runOnlyForDeploymentPostprocessing = 0;
		};
		572BA0BC21D2CF06008B9611 /* Sources */ = {
			isa = PBXSourcesBuildPhase;
			buildActionMask = 2147483647;
			files = (
				572BA0C521D2CF06008B9611 /* JukeJamTests.swift in Sources */,
			);
			runOnlyForDeploymentPostprocessing = 0;
		};
		572BA0C721D2CF06008B9611 /* Sources */ = {
			isa = PBXSourcesBuildPhase;
			buildActionMask = 2147483647;
			files = (
				572BA0D021D2CF06008B9611 /* JukeJamUITests.swift in Sources */,
			);
			runOnlyForDeploymentPostprocessing = 0;
		};
/* End PBXSourcesBuildPhase section */

/* Begin PBXTargetDependency section */
		572BA0C221D2CF06008B9611 /* PBXTargetDependency */ = {
			isa = PBXTargetDependency;
			target = 572BA0AB21D2CF05008B9611 /* JukeJam */;
			targetProxy = 572BA0C121D2CF06008B9611 /* PBXContainerItemProxy */;
		};
		572BA0CD21D2CF06008B9611 /* PBXTargetDependency */ = {
			isa = PBXTargetDependency;
			target = 572BA0AB21D2CF05008B9611 /* JukeJam */;
			targetProxy = 572BA0CC21D2CF06008B9611 /* PBXContainerItemProxy */;
		};
/* End PBXTargetDependency section */

/* Begin XCBuildConfiguration section */
		572BA0D221D2CF06008B9611 /* Debug */ = {
			isa = XCBuildConfiguration;
			buildSettings = {
				ALWAYS_SEARCH_USER_PATHS = NO;
				CLANG_ANALYZER_NONNULL = YES;
				CLANG_ANALYZER_NUMBER_OBJECT_CONVERSION = YES_AGGRESSIVE;
				CLANG_CXX_LANGUAGE_STANDARD = "gnu++14";
				CLANG_CXX_LIBRARY = "libc++";
				CLANG_ENABLE_MODULES = YES;
				CLANG_ENABLE_OBJC_ARC = YES;
				CLANG_ENABLE_OBJC_WEAK = YES;
				CLANG_WARN_BLOCK_CAPTURE_AUTORELEASING = YES;
				CLANG_WARN_BOOL_CONVERSION = YES;
				CLANG_WARN_COMMA = YES;
				CLANG_WARN_CONSTANT_CONVERSION = YES;
				CLANG_WARN_DEPRECATED_OBJC_IMPLEMENTATIONS = YES;
				CLANG_WARN_DIRECT_OBJC_ISA_USAGE = YES_ERROR;
				CLANG_WARN_DOCUMENTATION_COMMENTS = YES;
				CLANG_WARN_EMPTY_BODY = YES;
				CLANG_WARN_ENUM_CONVERSION = YES;
				CLANG_WARN_INFINITE_RECURSION = YES;
				CLANG_WARN_INT_CONVERSION = YES;
				CLANG_WARN_NON_LITERAL_NULL_CONVERSION = YES;
				CLANG_WARN_OBJC_IMPLICIT_RETAIN_SELF = YES;
				CLANG_WARN_OBJC_LITERAL_CONVERSION = YES;
				CLANG_WARN_OBJC_ROOT_CLASS = YES_ERROR;
				CLANG_WARN_RANGE_LOOP_ANALYSIS = YES;
				CLANG_WARN_STRICT_PROTOTYPES = YES;
				CLANG_WARN_SUSPICIOUS_MOVE = YES;
				CLANG_WARN_UNGUARDED_AVAILABILITY = YES_AGGRESSIVE;
				CLANG_WARN_UNREACHABLE_CODE = YES;
				CLANG_WARN__DUPLICATE_METHOD_MATCH = YES;
				CODE_SIGN_IDENTITY = "iPhone Developer";
				COPY_PHASE_STRIP = NO;
				DEBUG_INFORMATION_FORMAT = dwarf;
				ENABLE_STRICT_OBJC_MSGSEND = YES;
				ENABLE_TESTABILITY = YES;
				GCC_C_LANGUAGE_STANDARD = gnu11;
				GCC_DYNAMIC_NO_PIC = NO;
				GCC_NO_COMMON_BLOCKS = YES;
				GCC_OPTIMIZATION_LEVEL = 0;
				GCC_PREPROCESSOR_DEFINITIONS = (
					"DEBUG=1",
					"$(inherited)",
				);
				GCC_WARN_64_TO_32_BIT_CONVERSION = YES;
				GCC_WARN_ABOUT_RETURN_TYPE = YES_ERROR;
				GCC_WARN_UNDECLARED_SELECTOR = YES;
				GCC_WARN_UNINITIALIZED_AUTOS = YES_AGGRESSIVE;
				GCC_WARN_UNUSED_FUNCTION = YES;
				GCC_WARN_UNUSED_VARIABLE = YES;
				IPHONEOS_DEPLOYMENT_TARGET = 11.4;
				MTL_ENABLE_DEBUG_INFO = YES;
				ONLY_ACTIVE_ARCH = YES;
				SDKROOT = iphoneos;
				SWIFT_ACTIVE_COMPILATION_CONDITIONS = DEBUG;
				SWIFT_OPTIMIZATION_LEVEL = "-Onone";
			};
			name = Debug;
		};
		572BA0D321D2CF06008B9611 /* Release */ = {
			isa = XCBuildConfiguration;
			buildSettings = {
				ALWAYS_SEARCH_USER_PATHS = NO;
				CLANG_ANALYZER_NONNULL = YES;
				CLANG_ANALYZER_NUMBER_OBJECT_CONVERSION = YES_AGGRESSIVE;
				CLANG_CXX_LANGUAGE_STANDARD = "gnu++14";
				CLANG_CXX_LIBRARY = "libc++";
				CLANG_ENABLE_MODULES = YES;
				CLANG_ENABLE_OBJC_ARC = YES;
				CLANG_ENABLE_OBJC_WEAK = YES;
				CLANG_WARN_BLOCK_CAPTURE_AUTORELEASING = YES;
				CLANG_WARN_BOOL_CONVERSION = YES;
				CLANG_WARN_COMMA = YES;
				CLANG_WARN_CONSTANT_CONVERSION = YES;
				CLANG_WARN_DEPRECATED_OBJC_IMPLEMENTATIONS = YES;
				CLANG_WARN_DIRECT_OBJC_ISA_USAGE = YES_ERROR;
				CLANG_WARN_DOCUMENTATION_COMMENTS = YES;
				CLANG_WARN_EMPTY_BODY = YES;
				CLANG_WARN_ENUM_CONVERSION = YES;
				CLANG_WARN_INFINITE_RECURSION = YES;
				CLANG_WARN_INT_CONVERSION = YES;
				CLANG_WARN_NON_LITERAL_NULL_CONVERSION = YES;
				CLANG_WARN_OBJC_IMPLICIT_RETAIN_SELF = YES;
				CLANG_WARN_OBJC_LITERAL_CONVERSION = YES;
				CLANG_WARN_OBJC_ROOT_CLASS = YES_ERROR;
				CLANG_WARN_RANGE_LOOP_ANALYSIS = YES;
				CLANG_WARN_STRICT_PROTOTYPES = YES;
				CLANG_WARN_SUSPICIOUS_MOVE = YES;
				CLANG_WARN_UNGUARDED_AVAILABILITY = YES_AGGRESSIVE;
				CLANG_WARN_UNREACHABLE_CODE = YES;
				CLANG_WARN__DUPLICATE_METHOD_MATCH = YES;
				CODE_SIGN_IDENTITY = "iPhone Developer";
				COPY_PHASE_STRIP = NO;
				DEBUG_INFORMATION_FORMAT = "dwarf-with-dsym";
				ENABLE_NS_ASSERTIONS = NO;
				ENABLE_STRICT_OBJC_MSGSEND = YES;
				GCC_C_LANGUAGE_STANDARD = gnu11;
				GCC_NO_COMMON_BLOCKS = YES;
				GCC_WARN_64_TO_32_BIT_CONVERSION = YES;
				GCC_WARN_ABOUT_RETURN_TYPE = YES_ERROR;
				GCC_WARN_UNDECLARED_SELECTOR = YES;
				GCC_WARN_UNINITIALIZED_AUTOS = YES_AGGRESSIVE;
				GCC_WARN_UNUSED_FUNCTION = YES;
				GCC_WARN_UNUSED_VARIABLE = YES;
				IPHONEOS_DEPLOYMENT_TARGET = 11.4;
				MTL_ENABLE_DEBUG_INFO = NO;
				SDKROOT = iphoneos;
				SWIFT_COMPILATION_MODE = wholemodule;
				SWIFT_OPTIMIZATION_LEVEL = "-O";
				VALIDATE_PRODUCT = YES;
			};
			name = Release;
		};
		572BA0D521D2CF06008B9611 /* Debug */ = {
			isa = XCBuildConfiguration;
			baseConfigurationReference = 6AA4891781EEC7A5ABCDACAE /* Pods-JukeJam.debug.xcconfig */;
			buildSettings = {
				ASSETCATALOG_COMPILER_APPICON_NAME = AppIcon;
				CLANG_ENABLE_MODULES = YES;
				CODE_SIGN_STYLE = Automatic;
				DEVELOPMENT_TEAM = UK376JAYY6;
				FRAMEWORK_SEARCH_PATHS = (
					"$(inherited)",
					"$(PROJECT_DIR)",
					"$(PROJECT_DIR)/JukeJam",
				);
				INFOPLIST_FILE = JukeJam/Info.plist;
				LD_RUNPATH_SEARCH_PATHS = (
					"$(inherited)",
					"@executable_path/Frameworks",
				);
				PRODUCT_BUNDLE_IDENTIFIER = Fortier.JukeJam;
				PRODUCT_NAME = "$(TARGET_NAME)";
				SWIFT_OBJC_BRIDGING_HEADER = "JukeJam/JukeJam-Bridging-Header.h";
				SWIFT_OPTIMIZATION_LEVEL = "-Onone";
				SWIFT_VERSION = 4.2;
				TARGETED_DEVICE_FAMILY = "1,2";
			};
			name = Debug;
		};
		572BA0D621D2CF06008B9611 /* Release */ = {
			isa = XCBuildConfiguration;
			baseConfigurationReference = 1F89F9376A6EB4645C9BEA2A /* Pods-JukeJam.release.xcconfig */;
			buildSettings = {
				ASSETCATALOG_COMPILER_APPICON_NAME = AppIcon;
				CLANG_ENABLE_MODULES = YES;
				CODE_SIGN_STYLE = Automatic;
				DEVELOPMENT_TEAM = UK376JAYY6;
				FRAMEWORK_SEARCH_PATHS = (
					"$(inherited)",
					"$(PROJECT_DIR)",
					"$(PROJECT_DIR)/JukeJam",
				);
				INFOPLIST_FILE = JukeJam/Info.plist;
				LD_RUNPATH_SEARCH_PATHS = (
					"$(inherited)",
					"@executable_path/Frameworks",
				);
				PRODUCT_BUNDLE_IDENTIFIER = Fortier.JukeJam;
				PRODUCT_NAME = "$(TARGET_NAME)";
				SWIFT_OBJC_BRIDGING_HEADER = "JukeJam/JukeJam-Bridging-Header.h";
				SWIFT_VERSION = 4.2;
				TARGETED_DEVICE_FAMILY = "1,2";
			};
			name = Release;
		};
		572BA0D821D2CF06008B9611 /* Debug */ = {
			isa = XCBuildConfiguration;
			baseConfigurationReference = 7990CA6EE099295B82C918CD /* Pods-JukeJamTests.debug.xcconfig */;
			buildSettings = {
				ALWAYS_EMBED_SWIFT_STANDARD_LIBRARIES = YES;
				BUNDLE_LOADER = "$(TEST_HOST)";
				CODE_SIGN_STYLE = Automatic;
				DEVELOPMENT_TEAM = UK376JAYY6;
				INFOPLIST_FILE = JukeJamTests/Info.plist;
				LD_RUNPATH_SEARCH_PATHS = (
					"$(inherited)",
					"@executable_path/Frameworks",
					"@loader_path/Frameworks",
				);
				PRODUCT_BUNDLE_IDENTIFIER = Fortier.JukeJamTests;
				PRODUCT_NAME = "$(TARGET_NAME)";
				SWIFT_VERSION = 4.2;
				TARGETED_DEVICE_FAMILY = "1,2";
				TEST_HOST = "$(BUILT_PRODUCTS_DIR)/JukeJam.app/JukeJam";
			};
			name = Debug;
		};
		572BA0D921D2CF06008B9611 /* Release */ = {
			isa = XCBuildConfiguration;
			baseConfigurationReference = C5EABF6042FC9CC6A7C21E0A /* Pods-JukeJamTests.release.xcconfig */;
			buildSettings = {
				ALWAYS_EMBED_SWIFT_STANDARD_LIBRARIES = YES;
				BUNDLE_LOADER = "$(TEST_HOST)";
				CODE_SIGN_STYLE = Automatic;
				DEVELOPMENT_TEAM = UK376JAYY6;
				INFOPLIST_FILE = JukeJamTests/Info.plist;
				LD_RUNPATH_SEARCH_PATHS = (
					"$(inherited)",
					"@executable_path/Frameworks",
					"@loader_path/Frameworks",
				);
				PRODUCT_BUNDLE_IDENTIFIER = Fortier.JukeJamTests;
				PRODUCT_NAME = "$(TARGET_NAME)";
				SWIFT_VERSION = 4.2;
				TARGETED_DEVICE_FAMILY = "1,2";
				TEST_HOST = "$(BUILT_PRODUCTS_DIR)/JukeJam.app/JukeJam";
			};
			name = Release;
		};
		572BA0DB21D2CF06008B9611 /* Debug */ = {
			isa = XCBuildConfiguration;
			baseConfigurationReference = A8E9BE7F3137EB7E617FAC5C /* Pods-JukeJamUITests.debug.xcconfig */;
			buildSettings = {
				ALWAYS_EMBED_SWIFT_STANDARD_LIBRARIES = YES;
				CODE_SIGN_STYLE = Automatic;
				DEVELOPMENT_TEAM = UK376JAYY6;
				INFOPLIST_FILE = JukeJamUITests/Info.plist;
				LD_RUNPATH_SEARCH_PATHS = (
					"$(inherited)",
					"@executable_path/Frameworks",
					"@loader_path/Frameworks",
				);
				PRODUCT_BUNDLE_IDENTIFIER = Fortier.JukeJamUITests;
				PRODUCT_NAME = "$(TARGET_NAME)";
				SWIFT_VERSION = 4.2;
				TARGETED_DEVICE_FAMILY = "1,2";
				TEST_TARGET_NAME = JukeJam;
			};
			name = Debug;
		};
		572BA0DC21D2CF06008B9611 /* Release */ = {
			isa = XCBuildConfiguration;
			baseConfigurationReference = 720E288E7C916F27E8411B60 /* Pods-JukeJamUITests.release.xcconfig */;
			buildSettings = {
				ALWAYS_EMBED_SWIFT_STANDARD_LIBRARIES = YES;
				CODE_SIGN_STYLE = Automatic;
				DEVELOPMENT_TEAM = UK376JAYY6;
				INFOPLIST_FILE = JukeJamUITests/Info.plist;
				LD_RUNPATH_SEARCH_PATHS = (
					"$(inherited)",
					"@executable_path/Frameworks",
					"@loader_path/Frameworks",
				);
				PRODUCT_BUNDLE_IDENTIFIER = Fortier.JukeJamUITests;
				PRODUCT_NAME = "$(TARGET_NAME)";
				SWIFT_VERSION = 4.2;
				TARGETED_DEVICE_FAMILY = "1,2";
				TEST_TARGET_NAME = JukeJam;
			};
			name = Release;
		};
/* End XCBuildConfiguration section */

/* Begin XCConfigurationList section */
		572BA0A721D2CF05008B9611 /* Build configuration list for PBXProject "JukeJam" */ = {
			isa = XCConfigurationList;
			buildConfigurations = (
				572BA0D221D2CF06008B9611 /* Debug */,
				572BA0D321D2CF06008B9611 /* Release */,
			);
			defaultConfigurationIsVisible = 0;
			defaultConfigurationName = Release;
		};
		572BA0D421D2CF06008B9611 /* Build configuration list for PBXNativeTarget "JukeJam" */ = {
			isa = XCConfigurationList;
			buildConfigurations = (
				572BA0D521D2CF06008B9611 /* Debug */,
				572BA0D621D2CF06008B9611 /* Release */,
			);
			defaultConfigurationIsVisible = 0;
			defaultConfigurationName = Release;
		};
		572BA0D721D2CF06008B9611 /* Build configuration list for PBXNativeTarget "JukeJamTests" */ = {
			isa = XCConfigurationList;
			buildConfigurations = (
				572BA0D821D2CF06008B9611 /* Debug */,
				572BA0D921D2CF06008B9611 /* Release */,
			);
			defaultConfigurationIsVisible = 0;
			defaultConfigurationName = Release;
		};
		572BA0DA21D2CF06008B9611 /* Build configuration list for PBXNativeTarget "JukeJamUITests" */ = {
			isa = XCConfigurationList;
			buildConfigurations = (
				572BA0DB21D2CF06008B9611 /* Debug */,
				572BA0DC21D2CF06008B9611 /* Release */,
			);
			defaultConfigurationIsVisible = 0;
			defaultConfigurationName = Release;
		};
/* End XCConfigurationList section */
	};
	rootObject = 572BA0A421D2CF05008B9611 /* Project object */;
}
